
Microsoft Visual Studio Solution File, Format Version 12.00
# Visual Studio Version 17
VisualStudioVersion = 17.5.002.0
MinimumVisualStudioVersion = 10.0.40219.1
Project("{9A19103F-16F7-4668-BE54-9A1E7A4F7556}") = "AddShipmentNotification", "AddShipmentNotification\AddShipmentNotification.csproj", "{657F7829-9C2E-4D40-AFF2-E0804D22A9DE}"
EndProject
Project("{FAE04EC0-301F-11D3-BF4B-00C04F79EFBC}") = "AddShipmentNotification.Tests.Unit", "AddShipmentNotification.Tests.Unit\AddShipmentNotification.Tests.Unit.csproj", "{351030B1-9969-4398-A041-1D64FCC0073A}"
EndProject
Global
	GlobalSection(SolutionConfigurationPlatforms) = preSolution
		Debug|Any CPU = Debug|Any CPU
		Release|Any CPU = Release|Any CPU
	EndGlobalSection
	GlobalSection(ProjectConfigurationPlatforms) = postSolution
		{657F7829-9C2E-4D40-AFF2-E0804D22A9DE}.Debug|Any CPU.ActiveCfg = Debug|Any CPU
		{657F7829-9C2E-4D40-AFF2-E0804D22A9DE}.Debug|Any CPU.Build.0 = Debug|Any CPU
		{657F7829-9C2E-4D40-AFF2-E0804D22A9DE}.Release|Any CPU.ActiveCfg = Release|Any CPU
		{657F7829-9C2E-4D40-AFF2-E0804D22A9DE}.Release|Any CPU.Build.0 = Release|Any CPU
		{351030B1-9969-4398-A041-1D64FCC0073A}.Debug|Any CPU.ActiveCfg = Debug|Any CPU
		{351030B1-9969-4398-A041-1D64FCC0073A}.Debug|Any CPU.Build.0 = Debug|Any CPU
		{351030B1-9969-4398-A041-1D64FCC0073A}.Release|Any CPU.ActiveCfg = Release|Any CPU
		{351030B1-9969-4398-A041-1D64FCC0073A}.Release|Any CPU.Build.0 = Release|Any CPU
	EndGlobalSection
	GlobalSection(SolutionProperties) = preSolution
		HideSolutionNode = FALSE
	EndGlobalSection
	GlobalSection(ExtensibilityGlobals) = postSolution
		SolutionGuid = {82DB426A-76B0-40B7-B53F-8A53BFFBBF0C}
	EndGlobalSection
EndGlobal
